// !$*UTF8*$!
{
	archiveVersion = 1;
	classes = {
	};
	objectVersion = 56;
	objects = {

/* Begin PBXBuildFile section */
		8424895A2C173BC30060FE60 /* AppDelegate.swift in Sources */ = {isa = PBXBuildFile; fileRef = 842489592C173BC30060FE60 /* AppDelegate.swift */; };
		8424895C2C173BC30060FE60 /* SceneDelegate.swift in Sources */ = {isa = PBXBuildFile; fileRef = 8424895B2C173BC30060FE60 /* SceneDelegate.swift */; };
		8424895E2C173BC30060FE60 /* MapViewController.swift in Sources */ = {isa = PBXBuildFile; fileRef = 8424895D2C173BC30060FE60 /* MapViewController.swift */; };
		842489632C173BC40060FE60 /* Assets.xcassets in Resources */ = {isa = PBXBuildFile; fileRef = 842489622C173BC40060FE60 /* Assets.xcassets */; };
		842489662C173BC40060FE60 /* Base in Resources */ = {isa = PBXBuildFile; fileRef = 842489652C173BC40060FE60 /* Base */; };
		84F6B3352C19CBDE0008E4A4 /* CompassViewController.swift in Sources */ = {isa = PBXBuildFile; fileRef = 84F6B3342C19CBDE0008E4A4 /* CompassViewController.swift */; };
		84F6B3382C19EABE0008E4A4 /* GPSIndicatorView.swift in Sources */ = {isa = PBXBuildFile; fileRef = 84F6B3372C19EABE0008E4A4 /* GPSIndicatorView.swift */; };
/* End PBXBuildFile section */

/* Begin PBXFileReference section */
		842489562C173BC30060FE60 /* AltimetrTestCase.app */ = {isa = PBXFileReference; explicitFileType = wrapper.application; includeInIndex = 0; path = AltimetrTestCase.app; sourceTree = BUILT_PRODUCTS_DIR; };
		842489592C173BC30060FE60 /* AppDelegate.swift */ = {isa = PBXFileReference; lastKnownFileType = sourcecode.swift; path = AppDelegate.swift; sourceTree = "<group>"; };
		8424895B2C173BC30060FE60 /* SceneDelegate.swift */ = {isa = PBXFileReference; lastKnownFileType = sourcecode.swift; path = SceneDelegate.swift; sourceTree = "<group>"; };
		8424895D2C173BC30060FE60 /* MapViewController.swift */ = {isa = PBXFileReference; lastKnownFileType = sourcecode.swift; path = MapViewController.swift; sourceTree = "<group>"; };
		842489622C173BC40060FE60 /* Assets.xcassets */ = {isa = PBXFileReference; lastKnownFileType = folder.assetcatalog; path = Assets.xcassets; sourceTree = "<group>"; };
		842489652C173BC40060FE60 /* Base */ = {isa = PBXFileReference; lastKnownFileType = file.storyboard; name = Base; path = Base.lproj/LaunchScreen.storyboard; sourceTree = "<group>"; };
		842489672C173BC40060FE60 /* Info.plist */ = {isa = PBXFileReference; lastKnownFileType = text.plist.xml; path = Info.plist; sourceTree = "<group>"; };
		84F6B3342C19CBDE0008E4A4 /* CompassViewController.swift */ = {isa = PBXFileReference; lastKnownFileType = sourcecode.swift; path = CompassViewController.swift; sourceTree = "<group>"; };
		84F6B3372C19EABE0008E4A4 /* GPSIndicatorView.swift */ = {isa = PBXFileReference; lastKnownFileType = sourcecode.swift; path = GPSIndicatorView.swift; sourceTree = "<group>"; };
/* End PBXFileReference section */

/* Begin PBXFrameworksBuildPhase section */
		842489532C173BC30060FE60 /* Frameworks */ = {
			isa = PBXFrameworksBuildPhase;
			buildActionMask = 2147483647;
			files = (
			);
			runOnlyForDeploymentPostprocessing = 0;
		};
/* End PBXFrameworksBuildPhase section */

/* Begin PBXGroup section */
		8424894D2C173BC30060FE60 = {
			isa = PBXGroup;
			children = (
				842489582C173BC30060FE60 /* AltimetrTestCase */,
				842489572C173BC30060FE60 /* Products */,
			);
			sourceTree = "<group>";
		};
		842489572C173BC30060FE60 /* Products */ = {
			isa = PBXGroup;
			children = (
				842489562C173BC30060FE60 /* AltimetrTestCase.app */,
			);
			name = Products;
			sourceTree = "<group>";
		};
		842489582C173BC30060FE60 /* AltimetrTestCase */ = {
			isa = PBXGroup;
			children = (
				842489592C173BC30060FE60 /* AppDelegate.swift */,
				8424895B2C173BC30060FE60 /* SceneDelegate.swift */,
				8424895D2C173BC30060FE60 /* MapViewController.swift */,
				84F6B3342C19CBDE0008E4A4 /* CompassViewController.swift */,
				84F6B3362C19EAA70008E4A4 /* View */,
				842489622C173BC40060FE60 /* Assets.xcassets */,
				842489642C173BC40060FE60 /* LaunchScreen.storyboard */,
				842489672C173BC40060FE60 /* Info.plist */,
			);
			path = AltimetrTestCase;
			sourceTree = "<group>";
		};
		84F6B3362C19EAA70008E4A4 /* View */ = {
			isa = PBXGroup;
			children = (
				84F6B3372C19EABE0008E4A4 /* GPSIndicatorView.swift */,
			);
			path = View;
			sourceTree = "<group>";
		};
/* End PBXGroup section */

/* Begin PBXNativeTarget section */
		842489552C173BC30060FE60 /* AltimetrTestCase */ = {
			isa = PBXNativeTarget;
			buildConfigurationList = 8424896A2C173BC40060FE60 /* Build configuration list for PBXNativeTarget "AltimetrTestCase" */;
			buildPhases = (
				842489522C173BC30060FE60 /* Sources */,
				842489532C173BC30060FE60 /* Frameworks */,
				842489542C173BC30060FE60 /* Resources */,
				8424896D2C17402B0060FE60 /* ShellScript */,
			);
			buildRules = (
			);
			dependencies = (
			);
			name = AltimetrTestCase;
			productName = AltimetrTestCase;
			productReference = 842489562C173BC30060FE60 /* AltimetrTestCase.app */;
			productType = "com.apple.product-type.application";
		};
/* End PBXNativeTarget section */

/* Begin PBXProject section */
		8424894E2C173BC30060FE60 /* Project object */ = {
			isa = PBXProject;
			attributes = {
				BuildIndependentTargetsInParallel = 1;
				LastSwiftUpdateCheck = 1540;
				LastUpgradeCheck = 1540;
				TargetAttributes = {
					842489552C173BC30060FE60 = {
						CreatedOnToolsVersion = 15.4;
					};
				};
			};
			buildConfigurationList = 842489512C173BC30060FE60 /* Build configuration list for PBXProject "AltimetrTestCase" */;
			compatibilityVersion = "Xcode 14.0";
			developmentRegion = en;
			hasScannedForEncodings = 0;
			knownRegions = (
				en,
				Base,
			);
			mainGroup = 8424894D2C173BC30060FE60;
			productRefGroup = 842489572C173BC30060FE60 /* Products */;
			projectDirPath = "";
			projectRoot = "";
			targets = (
				842489552C173BC30060FE60 /* AltimetrTestCase */,
			);
		};
/* End PBXProject section */

/* Begin PBXResourcesBuildPhase section */
		842489542C173BC30060FE60 /* Resources */ = {
			isa = PBXResourcesBuildPhase;
			buildActionMask = 2147483647;
			files = (
				842489632C173BC40060FE60 /* Assets.xcassets in Resources */,
				842489662C173BC40060FE60 /* Base in Resources */,
			);
			runOnlyForDeploymentPostprocessing = 0;
		};
/* End PBXResourcesBuildPhase section */

/* Begin PBXShellScriptBuildPhase section */
		8424896D2C17402B0060FE60 /* ShellScript */ = {
			isa = PBXShellScriptBuildPhase;
			buildActionMask = 2147483647;
			files = (
			);
			inputFileListPaths = (
			);
			inputPaths = (
			);
			outputFileListPaths = (
			);
			outputPaths = (
			);
			runOnlyForDeploymentPostprocessing = 0;
			shellPath = /bin/sh;
			shellScript = "if [[ \"$(uname -m)\" == arm64 ]]; then\n    export PATH=\"/opt/homebrew/bin:$PATH\"\nfi\n\nif which swiftlint > /dev/null; then\n  swiftlint\nelse\n  echo \"warning: SwiftLint not installed, download from https://github.com/realm/SwiftLint\"\nfi\n\n";
		};
/* End PBXShellScriptBuildPhase section */

/* Begin PBXSourcesBuildPhase section */
		842489522C173BC30060FE60 /* Sources */ = {
			isa = PBXSourcesBuildPhase;
			buildActionMask = 2147483647;
			files = (
				8424895E2C173BC30060FE60 /* MapViewController.swift in Sources */,
				8424895A2C173BC30060FE60 /* AppDelegate.swift in Sources */,
				84F6B3382C19EABE0008E4A4 /* GPSIndicatorView.swift in Sources */,
				8424895C2C173BC30060FE60 /* SceneDelegate.swift in Sources */,
				84F6B3352C19CBDE0008E4A4 /* CompassViewController.swift in Sources */,
			);
			runOnlyForDeploymentPostprocessing = 0;
		};
/* End PBXSourcesBuildPhase section */

/* Begin PBXVariantGroup section */
		842489642C173BC40060FE60 /* LaunchScreen.storyboard */ = {
			isa = PBXVariantGroup;
			children = (
				842489652C173BC40060FE60 /* Base */,
			);
			name = LaunchScreen.storyboard;
			sourceTree = "<group>";
		};
/* End PBXVariantGroup section */

/* Begin XCBuildConfiguration section */
		842489682C173BC40060FE60 /* Debug */ = {
			isa = XCBuildConfiguration;
			buildSettings = {
				ALWAYS_SEARCH_USER_PATHS = NO;
				ASSETCATALOG_COMPILER_GENERATE_SWIFT_ASSET_SYMBOL_EXTENSIONS = YES;
				CLANG_ANALYZER_NONNULL = YES;
				CLANG_ANALYZER_NUMBER_OBJECT_CONVERSION = YES_AGGRESSIVE;
				CLANG_CXX_LANGUAGE_STANDARD = "gnu++20";
				CLANG_ENABLE_MODULES = YES;
				CLANG_ENABLE_OBJC_ARC = YES;
				CLANG_ENABLE_OBJC_WEAK = YES;
				CLANG_WARN_BLOCK_CAPTURE_AUTORELEASING = YES;
				CLANG_WARN_BOOL_CONVERSION = YES;
				CLANG_WARN_COMMA = YES;
				CLANG_WARN_CONSTANT_CONVERSION = YES;
				CLANG_WARN_DEPRECATED_OBJC_IMPLEMENTATIONS = YES;
				CLANG_WARN_DIRECT_OBJC_ISA_USAGE = YES_ERROR;
				CLANG_WARN_DOCUMENTATION_COMMENTS = YES;
				CLANG_WARN_EMPTY_BODY = YES;
				CLANG_WARN_ENUM_CONVERSION = YES;
				CLANG_WARN_INFINITE_RECURSION = YES;
				CLANG_WARN_INT_CONVERSION = YES;
				CLANG_WARN_NON_LITERAL_NULL_CONVERSION = YES;
				CLANG_WARN_OBJC_IMPLICIT_RETAIN_SELF = YES;
				CLANG_WARN_OBJC_LITERAL_CONVERSION = YES;
				CLANG_WARN_OBJC_ROOT_CLASS = YES_ERROR;
				CLANG_WARN_QUOTED_INCLUDE_IN_FRAMEWORK_HEADER = YES;
				CLANG_WARN_RANGE_LOOP_ANALYSIS = YES;
				CLANG_WARN_STRICT_PROTOTYPES = YES;
				CLANG_WARN_SUSPICIOUS_MOVE = YES;
				CLANG_WARN_UNGUARDED_AVAILABILITY = YES_AGGRESSIVE;
				CLANG_WARN_UNREACHABLE_CODE = YES;
				CLANG_WARN__DUPLICATE_METHOD_MATCH = YES;
				COPY_PHASE_STRIP = NO;
				DEBUG_INFORMATION_FORMAT = dwarf;
				ENABLE_STRICT_OBJC_MSGSEND = YES;
				ENABLE_TESTABILITY = YES;
				ENABLE_USER_SCRIPT_SANDBOXING = NO;
				GCC_C_LANGUAGE_STANDARD = gnu17;
				GCC_DYNAMIC_NO_PIC = NO;
				GCC_NO_COMMON_BLOCKS = YES;
				GCC_OPTIMIZATION_LEVEL = 0;
				GCC_PREPROCESSOR_DEFINITIONS = (
					"DEBUG=1",
					"$(inherited)",
				);
				GCC_WARN_64_TO_32_BIT_CONVERSION = YES;
				GCC_WARN_ABOUT_RETURN_TYPE = YES_ERROR;
				GCC_WARN_UNDECLARED_SELECTOR = YES;
				GCC_WARN_UNINITIALIZED_AUTOS = YES_AGGRESSIVE;
				GCC_WARN_UNUSED_FUNCTION = YES;
				GCC_WARN_UNUSED_VARIABLE = YES;
				IPHONEOS_DEPLOYMENT_TARGET = 15.0;
				LOCALIZATION_PREFERS_STRING_CATALOGS = YES;
				MTL_ENABLE_DEBUG_INFO = INCLUDE_SOURCE;
				MTL_FAST_MATH = YES;
				ONLY_ACTIVE_ARCH = YES;
				SDKROOT = iphoneos;
				SWIFT_ACTIVE_COMPILATION_CONDITIONS = "DEBUG $(inherited)";
				SWIFT_OPTIMIZATION_LEVEL = "-Onone";
			};
			name = Debug;
		};
		842489692C173BC40060FE60 /* Release */ = {
			isa = XCBuildConfiguration;
			buildSettings = {
				ALWAYS_SEARCH_USER_PATHS = NO;
				ASSETCATALOG_COMPILER_GENERATE_SWIFT_ASSET_SYMBOL_EXTENSIONS = YES;
				CLANG_ANALYZER_NONNULL = YES;
				CLANG_ANALYZER_NUMBER_OBJECT_CONVERSION = YES_AGGRESSIVE;
				CLANG_CXX_LANGUAGE_STANDARD = "gnu++20";
				CLANG_ENABLE_MODULES = YES;
				CLANG_ENABLE_OBJC_ARC = YES;
				CLANG_ENABLE_OBJC_WEAK = YES;
				CLANG_WARN_BLOCK_CAPTURE_AUTORELEASING = YES;
				CLANG_WARN_BOOL_CONVERSION = YES;
				CLANG_WARN_COMMA = YES;
				CLANG_WARN_CONSTANT_CONVERSION = YES;
				CLANG_WARN_DEPRECATED_OBJC_IMPLEMENTATIONS = YES;
				CLANG_WARN_DIRECT_OBJC_ISA_USAGE = YES_ERROR;
				CLANG_WARN_DOCUMENTATION_COMMENTS = YES;
				CLANG_WARN_EMPTY_BODY = YES;
				CLANG_WARN_ENUM_CONVERSION = YES;
				CLANG_WARN_INFINITE_RECURSION = YES;
				CLANG_WARN_INT_CONVERSION = YES;
				CLANG_WARN_NON_LITERAL_NULL_CONVERSION = YES;
				CLANG_WARN_OBJC_IMPLICIT_RETAIN_SELF = YES;
				CLANG_WARN_OBJC_LITERAL_CONVERSION = YES;
				CLANG_WARN_OBJC_ROOT_CLASS = YES_ERROR;
				CLANG_WARN_QUOTED_INCLUDE_IN_FRAMEWORK_HEADER = YES;
				CLANG_WARN_RANGE_LOOP_ANALYSIS = YES;
				CLANG_WARN_STRICT_PROTOTYPES = YES;
				CLANG_WARN_SUSPICIOUS_MOVE = YES;
				CLANG_WARN_UNGUARDED_AVAILABILITY = YES_AGGRESSIVE;
				CLANG_WARN_UNREACHABLE_CODE = YES;
				CLANG_WARN__DUPLICATE_METHOD_MATCH = YES;
				COPY_PHASE_STRIP = NO;
				DEBUG_INFORMATION_FORMAT = "dwarf-with-dsym";
				ENABLE_NS_ASSERTIONS = NO;
				ENABLE_STRICT_OBJC_MSGSEND = YES;
				ENABLE_USER_SCRIPT_SANDBOXING = NO;
				GCC_C_LANGUAGE_STANDARD = gnu17;
				GCC_NO_COMMON_BLOCKS = YES;
				GCC_WARN_64_TO_32_BIT_CONVERSION = YES;
				GCC_WARN_ABOUT_RETURN_TYPE = YES_ERROR;
				GCC_WARN_UNDECLARED_SELECTOR = YES;
				GCC_WARN_UNINITIALIZED_AUTOS = YES_AGGRESSIVE;
				GCC_WARN_UNUSED_FUNCTION = YES;
				GCC_WARN_UNUSED_VARIABLE = YES;
				IPHONEOS_DEPLOYMENT_TARGET = 15.0;
				LOCALIZATION_PREFERS_STRING_CATALOGS = YES;
				MTL_ENABLE_DEBUG_INFO = NO;
				MTL_FAST_MATH = YES;
				SDKROOT = iphoneos;
				SWIFT_COMPILATION_MODE = wholemodule;
				VALIDATE_PRODUCT = YES;
			};
			name = Release;
		};
		8424896B2C173BC40060FE60 /* Debug */ = {
			isa = XCBuildConfiguration;
			buildSettings = {
				ASSETCATALOG_COMPILER_APPICON_NAME = AppIcon;
				ASSETCATALOG_COMPILER_GLOBAL_ACCENT_COLOR_NAME = AccentColor;
				CODE_SIGN_STYLE = Automatic;
				CURRENT_PROJECT_VERSION = 1;
				DEVELOPMENT_TEAM = H2L9U6M2SX;
				GENERATE_INFOPLIST_FILE = YES;
				INFOPLIST_FILE = AltimetrTestCase/Info.plist;
				INFOPLIST_KEY_NSLocationAlwaysUsageDescription = "We need your location to show your position on the map.";
				INFOPLIST_KEY_NSLocationWhenInUseUsageDescription = "We need your location to show your position on the map.";
				INFOPLIST_KEY_UIApplicationSupportsIndirectInputEvents = YES;
				INFOPLIST_KEY_UILaunchStoryboardName = LaunchScreen;
				INFOPLIST_KEY_UIStatusBarStyle = "";
				INFOPLIST_KEY_UISupportedInterfaceOrientations = UIInterfaceOrientationPortrait;
				IPHONEOS_DEPLOYMENT_TARGET = 15.0;
				LD_RUNPATH_SEARCH_PATHS = (
					"$(inherited)",
					"@executable_path/Frameworks",
				);
				MARKETING_VERSION = 1.0;
				PRODUCT_BUNDLE_IDENTIFIER = ru.azonaz.AltimetrTestCase;
				PRODUCT_NAME = "$(TARGET_NAME)";
				SUPPORTED_PLATFORMS = "iphoneos iphonesimulator";
				SUPPORTS_MACCATALYST = NO;
				SUPPORTS_MAC_DESIGNED_FOR_IPHONE_IPAD = NO;
				SUPPORTS_XR_DESIGNED_FOR_IPHONE_IPAD = NO;
				SWIFT_EMIT_LOC_STRINGS = YES;
				SWIFT_VERSION = 5.0;
				TARGETED_DEVICE_FAMILY = "1,2";
			};
			name = Debug;
		};
		8424896C2C173BC40060FE60 /* Release */ = {
			isa = XCBuildConfiguration;
			buildSettings = {
				ASSETCATALOG_COMPILER_APPICON_NAME = AppIcon;
				ASSETCATALOG_COMPILER_GLOBAL_ACCENT_COLOR_NAME = AccentColor;
				CODE_SIGN_STYLE = Automatic;
				CURRENT_PROJECT_VERSION = 1;
				DEVELOPMENT_TEAM = H2L9U6M2SX;
				GENERATE_INFOPLIST_FILE = YES;
				INFOPLIST_FILE = AltimetrTestCase/Info.plist;
				INFOPLIST_KEY_NSLocationAlwaysUsageDescription = "We need your location to show your position on the map.";
				INFOPLIST_KEY_NSLocationWhenInUseUsageDescription = "We need your location to show your position on the map.";
				INFOPLIST_KEY_UIApplicationSupportsIndirectInputEvents = YES;
				INFOPLIST_KEY_UILaunchStoryboardName = LaunchScreen;
				INFOPLIST_KEY_UIStatusBarStyle = "";
				INFOPLIST_KEY_UISupportedInterfaceOrientations = UIInterfaceOrientationPortrait;
				IPHONEOS_DEPLOYMENT_TARGET = 15.0;
				LD_RUNPATH_SEARCH_PATHS = (
					"$(inherited)",
					"@executable_path/Frameworks",
				);
				MARKETING_VERSION = 1.0;
				PRODUCT_BUNDLE_IDENTIFIER = ru.azonaz.AltimetrTestCase;
				PRODUCT_NAME = "$(TARGET_NAME)";
				SUPPORTED_PLATFORMS = "iphoneos iphonesimulator";
				SUPPORTS_MACCATALYST = NO;
				SUPPORTS_MAC_DESIGNED_FOR_IPHONE_IPAD = NO;
				SUPPORTS_XR_DESIGNED_FOR_IPHONE_IPAD = NO;
				SWIFT_EMIT_LOC_STRINGS = YES;
				SWIFT_VERSION = 5.0;
				TARGETED_DEVICE_FAMILY = "1,2";
			};
			name = Release;
		};
/* End XCBuildConfiguration section */

/* Begin XCConfigurationList section */
		842489512C173BC30060FE60 /* Build configuration list for PBXProject "AltimetrTestCase" */ = {
			isa = XCConfigurationList;
			buildConfigurations = (
				842489682C173BC40060FE60 /* Debug */,
				842489692C173BC40060FE60 /* Release */,
			);
			defaultConfigurationIsVisible = 0;
			defaultConfigurationName = Release;
		};
		8424896A2C173BC40060FE60 /* Build configuration list for PBXNativeTarget "AltimetrTestCase" */ = {
			isa = XCConfigurationList;
			buildConfigurations = (
				8424896B2C173BC40060FE60 /* Debug */,
				8424896C2C173BC40060FE60 /* Release */,
			);
			defaultConfigurationIsVisible = 0;
			defaultConfigurationName = Release;
		};
/* End XCConfigurationList section */
	};
	rootObject = 8424894E2C173BC30060FE60 /* Project object */;
}
